
Microsoft Visual Studio Solution File, Format Version 12.00
# Visual Studio 15
Project("{FAE04EC0-301F-11D3-BF4B-00C04F79EFBC}") = "gtkNew", "gtkNew\gtkNew.csproj", "{442A1D50-ECCE-4D35-A9BB-C6B2F9F79F0C}"
EndProject
Global
	GlobalSection(SolutionConfigurationPlatforms) = preSolution
		Debug|x86 = Debug|x86
		Release|x86 = Release|x86
	EndGlobalSection
	GlobalSection(ProjectConfigurationPlatforms) = postSolution
		{442A1D50-ECCE-4D35-A9BB-C6B2F9F79F0C}.Debug|x86.ActiveCfg = Debug|x86
		{442A1D50-ECCE-4D35-A9BB-C6B2F9F79F0C}.Debug|x86.Build.0 = Debug|x86
		{442A1D50-ECCE-4D35-A9BB-C6B2F9F79F0C}.Release|x86.ActiveCfg = Release|x86
		{442A1D50-ECCE-4D35-A9BB-C6B2F9F79F0C}.Release|x86.Build.0 = Release|x86
	EndGlobalSection
EndGlobal
